
Microsoft Visual Studio Solution File, Format Version 12.00
# Visual Studio 14
VisualStudioVersion = 14.0.24720.0
MinimumVisualStudioVersion = 10.0.40219.1
Project("{FAE04EC0-301F-11D3-BF4B-00C04F79EFBC}") = "DotfuscatorCommunitySample", "DotfuscatorCommunitySample.csproj", "{CFB11231-054A-4075-AA01-650588E695AE}"
EndProject
Global
	GlobalSection(SolutionConfigurationPlatforms) = preSolution
		Debug|Any CPU = Debug|Any CPU
		Release|Any CPU = Release|Any CPU
	EndGlobalSection
	GlobalSection(ProjectConfigurationPlatforms) = postSolution
		{CFB11231-054A-4075-AA01-650588E695AE}.Debug|Any CPU.ActiveCfg = Debug|Any CPU
		{CFB11231-054A-4075-AA01-650588E695AE}.Debug|Any CPU.Build.0 = Debug|Any CPU
		{CFB11231-054A-4075-AA01-650588E695AE}.Release|Any CPU.ActiveCfg = Release|Any CPU
		{CFB11231-054A-4075-AA01-650588E695AE}.Release|Any CPU.Build.0 = Release|Any CPU
	EndGlobalSection
	GlobalSection(SolutionProperties) = preSolution
		HideSolutionNode = FALSE
	EndGlobalSection
EndGlobal
